// !$*UTF8*$!
{
	archiveVersion = 1;
	classes = {
	};
	objectVersion = 56;
	objects = {

/* Begin PBXBuildFile section */
		BFBF5D0A290971AF004E512D /* UnSplashDemoApp.swift in Sources */ = {isa = PBXBuildFile; fileRef = BFBF5D09290971AF004E512D /* UnSplashDemoApp.swift */; };
		BFBF5D0C290971AF004E512D /* PictureListView.swift in Sources */ = {isa = PBXBuildFile; fileRef = BFBF5D0B290971AF004E512D /* PictureListView.swift */; };
		BFBF5D0E290971B2004E512D /* Assets.xcassets in Resources */ = {isa = PBXBuildFile; fileRef = BFBF5D0D290971B2004E512D /* Assets.xcassets */; };
		BFBF5D11290971B2004E512D /* Preview Assets.xcassets in Resources */ = {isa = PBXBuildFile; fileRef = BFBF5D10290971B2004E512D /* Preview Assets.xcassets */; };
		BFBF5D1B2909727A004E512D /* SDWebImageSwiftUI in Frameworks */ = {isa = PBXBuildFile; productRef = BFBF5D1A2909727A004E512D /* SDWebImageSwiftUI */; };
		BFBF5D1D29097659004E512D /* ViewModel.swift in Sources */ = {isa = PBXBuildFile; fileRef = BFBF5D1C29097659004E512D /* ViewModel.swift */; };
		BFBF5D1F29097A1B004E512D /* DataModels.swift in Sources */ = {isa = PBXBuildFile; fileRef = BFBF5D1E29097A1B004E512D /* DataModels.swift */; };
		BFBF5D2229097A78004E512D /* Reachability in Frameworks */ = {isa = PBXBuildFile; productRef = BFBF5D2129097A78004E512D /* Reachability */; };
		BFBF5D4C290AEC68004E512D /* UnSplashDemoTests.swift in Sources */ = {isa = PBXBuildFile; fileRef = BFBF5D4B290AEC68004E512D /* UnSplashDemoTests.swift */; };
		BFBF5D53290AED43004E512D /* MockURLProtocol.swift in Sources */ = {isa = PBXBuildFile; fileRef = BFBF5D52290AED43004E512D /* MockURLProtocol.swift */; };
		BFBF5D58290AF47F004E512D /* SDWebImageSwiftUI in Frameworks */ = {isa = PBXBuildFile; productRef = BFBF5D57290AF47F004E512D /* SDWebImageSwiftUI */; };
/* End PBXBuildFile section */

/* Begin PBXContainerItemProxy section */
		BFBF5D4D290AEC68004E512D /* PBXContainerItemProxy */ = {
			isa = PBXContainerItemProxy;
			containerPortal = BFBF5CFE290971AF004E512D /* Project object */;
			proxyType = 1;
			remoteGlobalIDString = BFBF5D05290971AF004E512D;
			remoteInfo = UnSplashDemo;
		};
/* End PBXContainerItemProxy section */

/* Begin PBXFileReference section */
		BFBF5D06290971AF004E512D /* UnSplashDemo.app */ = {isa = PBXFileReference; explicitFileType = wrapper.application; includeInIndex = 0; path = UnSplashDemo.app; sourceTree = BUILT_PRODUCTS_DIR; };
		BFBF5D09290971AF004E512D /* UnSplashDemoApp.swift */ = {isa = PBXFileReference; lastKnownFileType = sourcecode.swift; path = UnSplashDemoApp.swift; sourceTree = "<group>"; };
		BFBF5D0B290971AF004E512D /* PictureListView.swift */ = {isa = PBXFileReference; lastKnownFileType = sourcecode.swift; path = PictureListView.swift; sourceTree = "<group>"; };
		BFBF5D0D290971B2004E512D /* Assets.xcassets */ = {isa = PBXFileReference; lastKnownFileType = folder.assetcatalog; path = Assets.xcassets; sourceTree = "<group>"; };
		BFBF5D10290971B2004E512D /* Preview Assets.xcassets */ = {isa = PBXFileReference; lastKnownFileType = folder.assetcatalog; path = "Preview Assets.xcassets"; sourceTree = "<group>"; };
		BFBF5D1C29097659004E512D /* ViewModel.swift */ = {isa = PBXFileReference; lastKnownFileType = sourcecode.swift; path = ViewModel.swift; sourceTree = "<group>"; };
		BFBF5D1E29097A1B004E512D /* DataModels.swift */ = {isa = PBXFileReference; lastKnownFileType = sourcecode.swift; path = DataModels.swift; sourceTree = "<group>"; };
		BFBF5D49290AEC68004E512D /* UnSplashDemoTests.xctest */ = {isa = PBXFileReference; explicitFileType = wrapper.cfbundle; includeInIndex = 0; path = UnSplashDemoTests.xctest; sourceTree = BUILT_PRODUCTS_DIR; };
		BFBF5D4B290AEC68004E512D /* UnSplashDemoTests.swift */ = {isa = PBXFileReference; lastKnownFileType = sourcecode.swift; path = UnSplashDemoTests.swift; sourceTree = "<group>"; };
		BFBF5D52290AED43004E512D /* MockURLProtocol.swift */ = {isa = PBXFileReference; lastKnownFileType = sourcecode.swift; path = MockURLProtocol.swift; sourceTree = "<group>"; };
/* End PBXFileReference section */

/* Begin PBXFrameworksBuildPhase section */
		BFBF5D03290971AF004E512D /* Frameworks */ = {
			isa = PBXFrameworksBuildPhase;
			buildActionMask = 2147483647;
			files = (
				BFBF5D1B2909727A004E512D /* SDWebImageSwiftUI in Frameworks */,
				BFBF5D2229097A78004E512D /* Reachability in Frameworks */,
			);
			runOnlyForDeploymentPostprocessing = 0;
		};
		BFBF5D46290AEC68004E512D /* Frameworks */ = {
			isa = PBXFrameworksBuildPhase;
			buildActionMask = 2147483647;
			files = (
				BFBF5D58290AF47F004E512D /* SDWebImageSwiftUI in Frameworks */,
			);
			runOnlyForDeploymentPostprocessing = 0;
		};
/* End PBXFrameworksBuildPhase section */

/* Begin PBXGroup section */
		BFBF5CFD290971AF004E512D = {
			isa = PBXGroup;
			children = (
				BFBF5D08290971AF004E512D /* UnSplashDemo */,
				BFBF5D4A290AEC68004E512D /* UnSplashDemoTests */,
				BFBF5D07290971AF004E512D /* Products */,
				BFBF5D56290AF47F004E512D /* Frameworks */,
			);
			sourceTree = "<group>";
		};
		BFBF5D07290971AF004E512D /* Products */ = {
			isa = PBXGroup;
			children = (
				BFBF5D06290971AF004E512D /* UnSplashDemo.app */,
				BFBF5D49290AEC68004E512D /* UnSplashDemoTests.xctest */,
			);
			name = Products;
			sourceTree = "<group>";
		};
		BFBF5D08290971AF004E512D /* UnSplashDemo */ = {
			isa = PBXGroup;
			children = (
				BFBF5D09290971AF004E512D /* UnSplashDemoApp.swift */,
				BFBF5D0B290971AF004E512D /* PictureListView.swift */,
				BFBF5D1C29097659004E512D /* ViewModel.swift */,
				BFBF5D1E29097A1B004E512D /* DataModels.swift */,
				BFBF5D0D290971B2004E512D /* Assets.xcassets */,
				BFBF5D0F290971B2004E512D /* Preview Content */,
			);
			path = UnSplashDemo;
			sourceTree = "<group>";
		};
		BFBF5D0F290971B2004E512D /* Preview Content */ = {
			isa = PBXGroup;
			children = (
				BFBF5D10290971B2004E512D /* Preview Assets.xcassets */,
			);
			path = "Preview Content";
			sourceTree = "<group>";
		};
		BFBF5D4A290AEC68004E512D /* UnSplashDemoTests */ = {
			isa = PBXGroup;
			children = (
				BFBF5D4B290AEC68004E512D /* UnSplashDemoTests.swift */,
				BFBF5D52290AED43004E512D /* MockURLProtocol.swift */,
			);
			path = UnSplashDemoTests;
			sourceTree = "<group>";
		};
		BFBF5D56290AF47F004E512D /* Frameworks */ = {
			isa = PBXGroup;
			children = (
			);
			name = Frameworks;
			sourceTree = "<group>";
		};
/* End PBXGroup section */

/* Begin PBXNativeTarget section */
		BFBF5D05290971AF004E512D /* UnSplashDemo */ = {
			isa = PBXNativeTarget;
			buildConfigurationList = BFBF5D14290971B2004E512D /* Build configuration list for PBXNativeTarget "UnSplashDemo" */;
			buildPhases = (
				BFBF5D02290971AF004E512D /* Sources */,
				BFBF5D03290971AF004E512D /* Frameworks */,
				BFBF5D04290971AF004E512D /* Resources */,
			);
			buildRules = (
			);
			dependencies = (
			);
			name = UnSplashDemo;
			packageProductDependencies = (
				BFBF5D1A2909727A004E512D /* SDWebImageSwiftUI */,
				BFBF5D2129097A78004E512D /* Reachability */,
			);
			productName = UnSplashDemo;
			productReference = BFBF5D06290971AF004E512D /* UnSplashDemo.app */;
			productType = "com.apple.product-type.application";
		};
		BFBF5D48290AEC68004E512D /* UnSplashDemoTests */ = {
			isa = PBXNativeTarget;
			buildConfigurationList = BFBF5D51290AEC68004E512D /* Build configuration list for PBXNativeTarget "UnSplashDemoTests" */;
			buildPhases = (
				BFBF5D45290AEC68004E512D /* Sources */,
				BFBF5D46290AEC68004E512D /* Frameworks */,
				BFBF5D47290AEC68004E512D /* Resources */,
			);
			buildRules = (
			);
			dependencies = (
				BFBF5D4E290AEC68004E512D /* PBXTargetDependency */,
			);
			name = UnSplashDemoTests;
			packageProductDependencies = (
				BFBF5D57290AF47F004E512D /* SDWebImageSwiftUI */,
			);
			productName = UnSplashDemoTests;
			productReference = BFBF5D49290AEC68004E512D /* UnSplashDemoTests.xctest */;
			productType = "com.apple.product-type.bundle.unit-test";
		};
/* End PBXNativeTarget section */

/* Begin PBXProject section */
		BFBF5CFE290971AF004E512D /* Project object */ = {
			isa = PBXProject;
			attributes = {
				BuildIndependentTargetsInParallel = 1;
				LastSwiftUpdateCheck = 1400;
				LastUpgradeCheck = 1400;
				TargetAttributes = {
					BFBF5D05290971AF004E512D = {
						CreatedOnToolsVersion = 14.0.1;
					};
					BFBF5D48290AEC68004E512D = {
						CreatedOnToolsVersion = 14.0.1;
						TestTargetID = BFBF5D05290971AF004E512D;
					};
				};
			};
			buildConfigurationList = BFBF5D01290971AF004E512D /* Build configuration list for PBXProject "UnSplashDemo" */;
			compatibilityVersion = "Xcode 14.0";
			developmentRegion = en;
			hasScannedForEncodings = 0;
			knownRegions = (
				en,
				Base,
			);
			mainGroup = BFBF5CFD290971AF004E512D;
			packageReferences = (
				BFBF5D192909727A004E512D /* XCRemoteSwiftPackageReference "SDWebImageSwiftUI" */,
				BFBF5D2029097A78004E512D /* XCRemoteSwiftPackageReference "Reachability" */,
			);
			productRefGroup = BFBF5D07290971AF004E512D /* Products */;
			projectDirPath = "";
			projectRoot = "";
			targets = (
				BFBF5D05290971AF004E512D /* UnSplashDemo */,
				BFBF5D48290AEC68004E512D /* UnSplashDemoTests */,
			);
		};
/* End PBXProject section */

/* Begin PBXResourcesBuildPhase section */
		BFBF5D04290971AF004E512D /* Resources */ = {
			isa = PBXResourcesBuildPhase;
			buildActionMask = 2147483647;
			files = (
				BFBF5D11290971B2004E512D /* Preview Assets.xcassets in Resources */,
				BFBF5D0E290971B2004E512D /* Assets.xcassets in Resources */,
			);
			runOnlyForDeploymentPostprocessing = 0;
		};
		BFBF5D47290AEC68004E512D /* Resources */ = {
			isa = PBXResourcesBuildPhase;
			buildActionMask = 2147483647;
			files = (
			);
			runOnlyForDeploymentPostprocessing = 0;
		};
/* End PBXResourcesBuildPhase section */

/* Begin PBXSourcesBuildPhase section */
		BFBF5D02290971AF004E512D /* Sources */ = {
			isa = PBXSourcesBuildPhase;
			buildActionMask = 2147483647;
			files = (
				BFBF5D0C290971AF004E512D /* PictureListView.swift in Sources */,
				BFBF5D1F29097A1B004E512D /* DataModels.swift in Sources */,
				BFBF5D1D29097659004E512D /* ViewModel.swift in Sources */,
				BFBF5D0A290971AF004E512D /* UnSplashDemoApp.swift in Sources */,
			);
			runOnlyForDeploymentPostprocessing = 0;
		};
		BFBF5D45290AEC68004E512D /* Sources */ = {
			isa = PBXSourcesBuildPhase;
			buildActionMask = 2147483647;
			files = (
				BFBF5D4C290AEC68004E512D /* UnSplashDemoTests.swift in Sources */,
				BFBF5D53290AED43004E512D /* MockURLProtocol.swift in Sources */,
			);
			runOnlyForDeploymentPostprocessing = 0;
		};
/* End PBXSourcesBuildPhase section */

/* Begin PBXTargetDependency section */
		BFBF5D4E290AEC68004E512D /* PBXTargetDependency */ = {
			isa = PBXTargetDependency;
			target = BFBF5D05290971AF004E512D /* UnSplashDemo */;
			targetProxy = BFBF5D4D290AEC68004E512D /* PBXContainerItemProxy */;
		};
/* End PBXTargetDependency section */

/* Begin XCBuildConfiguration section */
		BFBF5D12290971B2004E512D /* Debug */ = {
			isa = XCBuildConfiguration;
			buildSettings = {
				ALWAYS_SEARCH_USER_PATHS = NO;
				CLANG_ANALYZER_NONNULL = YES;
				CLANG_ANALYZER_NUMBER_OBJECT_CONVERSION = YES_AGGRESSIVE;
				CLANG_CXX_LANGUAGE_STANDARD = "gnu++20";
				CLANG_ENABLE_MODULES = YES;
				CLANG_ENABLE_OBJC_ARC = YES;
				CLANG_ENABLE_OBJC_WEAK = YES;
				CLANG_WARN_BLOCK_CAPTURE_AUTORELEASING = YES;
				CLANG_WARN_BOOL_CONVERSION = YES;
				CLANG_WARN_COMMA = YES;
				CLANG_WARN_CONSTANT_CONVERSION = YES;
				CLANG_WARN_DEPRECATED_OBJC_IMPLEMENTATIONS = YES;
				CLANG_WARN_DIRECT_OBJC_ISA_USAGE = YES_ERROR;
				CLANG_WARN_DOCUMENTATION_COMMENTS = YES;
				CLANG_WARN_EMPTY_BODY = YES;
				CLANG_WARN_ENUM_CONVERSION = YES;
				CLANG_WARN_INFINITE_RECURSION = YES;
				CLANG_WARN_INT_CONVERSION = YES;
				CLANG_WARN_NON_LITERAL_NULL_CONVERSION = YES;
				CLANG_WARN_OBJC_IMPLICIT_RETAIN_SELF = YES;
				CLANG_WARN_OBJC_LITERAL_CONVERSION = YES;
				CLANG_WARN_OBJC_ROOT_CLASS = YES_ERROR;
				CLANG_WARN_QUOTED_INCLUDE_IN_FRAMEWORK_HEADER = YES;
				CLANG_WARN_RANGE_LOOP_ANALYSIS = YES;
				CLANG_WARN_STRICT_PROTOTYPES = YES;
				CLANG_WARN_SUSPICIOUS_MOVE = YES;
				CLANG_WARN_UNGUARDED_AVAILABILITY = YES_AGGRESSIVE;
				CLANG_WARN_UNREACHABLE_CODE = YES;
				CLANG_WARN__DUPLICATE_METHOD_MATCH = YES;
				COPY_PHASE_STRIP = NO;
				DEBUG_INFORMATION_FORMAT = dwarf;
				ENABLE_STRICT_OBJC_MSGSEND = YES;
				ENABLE_TESTABILITY = YES;
				GCC_C_LANGUAGE_STANDARD = gnu11;
				GCC_DYNAMIC_NO_PIC = NO;
				GCC_NO_COMMON_BLOCKS = YES;
				GCC_OPTIMIZATION_LEVEL = 0;
				GCC_PREPROCESSOR_DEFINITIONS = (
					"DEBUG=1",
					"$(inherited)",
				);
				GCC_WARN_64_TO_32_BIT_CONVERSION = YES;
				GCC_WARN_ABOUT_RETURN_TYPE = YES_ERROR;
				GCC_WARN_UNDECLARED_SELECTOR = YES;
				GCC_WARN_UNINITIALIZED_AUTOS = YES_AGGRESSIVE;
				GCC_WARN_UNUSED_FUNCTION = YES;
				GCC_WARN_UNUSED_VARIABLE = YES;
				IPHONEOS_DEPLOYMENT_TARGET = 16.0;
				MTL_ENABLE_DEBUG_INFO = INCLUDE_SOURCE;
				MTL_FAST_MATH = YES;
				ONLY_ACTIVE_ARCH = YES;
				SDKROOT = iphoneos;
				SWIFT_ACTIVE_COMPILATION_CONDITIONS = DEBUG;
				SWIFT_OPTIMIZATION_LEVEL = "-Onone";
			};
			name = Debug;
		};
		BFBF5D13290971B2004E512D /* Release */ = {
			isa = XCBuildConfiguration;
			buildSettings = {
				ALWAYS_SEARCH_USER_PATHS = NO;
				CLANG_ANALYZER_NONNULL = YES;
				CLANG_ANALYZER_NUMBER_OBJECT_CONVERSION = YES_AGGRESSIVE;
				CLANG_CXX_LANGUAGE_STANDARD = "gnu++20";
				CLANG_ENABLE_MODULES = YES;
				CLANG_ENABLE_OBJC_ARC = YES;
				CLANG_ENABLE_OBJC_WEAK = YES;
				CLANG_WARN_BLOCK_CAPTURE_AUTORELEASING = YES;
				CLANG_WARN_BOOL_CONVERSION = YES;
				CLANG_WARN_COMMA = YES;
				CLANG_WARN_CONSTANT_CONVERSION = YES;
				CLANG_WARN_DEPRECATED_OBJC_IMPLEMENTATIONS = YES;
				CLANG_WARN_DIRECT_OBJC_ISA_USAGE = YES_ERROR;
				CLANG_WARN_DOCUMENTATION_COMMENTS = YES;
				CLANG_WARN_EMPTY_BODY = YES;
				CLANG_WARN_ENUM_CONVERSION = YES;
				CLANG_WARN_INFINITE_RECURSION = YES;
				CLANG_WARN_INT_CONVERSION = YES;
				CLANG_WARN_NON_LITERAL_NULL_CONVERSION = YES;
				CLANG_WARN_OBJC_IMPLICIT_RETAIN_SELF = YES;
				CLANG_WARN_OBJC_LITERAL_CONVERSION = YES;
				CLANG_WARN_OBJC_ROOT_CLASS = YES_ERROR;
				CLANG_WARN_QUOTED_INCLUDE_IN_FRAMEWORK_HEADER = YES;
				CLANG_WARN_RANGE_LOOP_ANALYSIS = YES;
				CLANG_WARN_STRICT_PROTOTYPES = YES;
				CLANG_WARN_SUSPICIOUS_MOVE = YES;
				CLANG_WARN_UNGUARDED_AVAILABILITY = YES_AGGRESSIVE;
				CLANG_WARN_UNREACHABLE_CODE = YES;
				CLANG_WARN__DUPLICATE_METHOD_MATCH = YES;
				COPY_PHASE_STRIP = NO;
				DEBUG_INFORMATION_FORMAT = "dwarf-with-dsym";
				ENABLE_NS_ASSERTIONS = NO;
				ENABLE_STRICT_OBJC_MSGSEND = YES;
				GCC_C_LANGUAGE_STANDARD = gnu11;
				GCC_NO_COMMON_BLOCKS = YES;
				GCC_WARN_64_TO_32_BIT_CONVERSION = YES;
				GCC_WARN_ABOUT_RETURN_TYPE = YES_ERROR;
				GCC_WARN_UNDECLARED_SELECTOR = YES;
				GCC_WARN_UNINITIALIZED_AUTOS = YES_AGGRESSIVE;
				GCC_WARN_UNUSED_FUNCTION = YES;
				GCC_WARN_UNUSED_VARIABLE = YES;
				IPHONEOS_DEPLOYMENT_TARGET = 16.0;
				MTL_ENABLE_DEBUG_INFO = NO;
				MTL_FAST_MATH = YES;
				SDKROOT = iphoneos;
				SWIFT_COMPILATION_MODE = wholemodule;
				SWIFT_OPTIMIZATION_LEVEL = "-O";
				VALIDATE_PRODUCT = YES;
			};
			name = Release;
		};
		BFBF5D15290971B2004E512D /* Debug */ = {
			isa = XCBuildConfiguration;
			buildSettings = {
				ASSETCATALOG_COMPILER_APPICON_NAME = AppIcon;
				ASSETCATALOG_COMPILER_GLOBAL_ACCENT_COLOR_NAME = AccentColor;
				CODE_SIGN_STYLE = Automatic;
				CURRENT_PROJECT_VERSION = 1;
				DEVELOPMENT_ASSET_PATHS = "\"UnSplashDemo/Preview Content\"";
				DEVELOPMENT_TEAM = L27YB8M9DL;
				ENABLE_PREVIEWS = YES;
				GENERATE_INFOPLIST_FILE = YES;
				INFOPLIST_KEY_UIApplicationSceneManifest_Generation = YES;
				INFOPLIST_KEY_UIApplicationSupportsIndirectInputEvents = YES;
				INFOPLIST_KEY_UILaunchScreen_Generation = YES;
				INFOPLIST_KEY_UISupportedInterfaceOrientations = UIInterfaceOrientationPortrait;
				LD_RUNPATH_SEARCH_PATHS = (
					"$(inherited)",
					"@executable_path/Frameworks",
				);
				MARKETING_VERSION = 1.0;
				PRODUCT_BUNDLE_IDENTIFIER = com.bionicware.UnSplashDemo;
				PRODUCT_NAME = "$(TARGET_NAME)";
				SUPPORTED_PLATFORMS = "iphoneos iphonesimulator";
				SUPPORTS_MACCATALYST = NO;
				SUPPORTS_MAC_DESIGNED_FOR_IPHONE_IPAD = NO;
				SWIFT_EMIT_LOC_STRINGS = YES;
				SWIFT_VERSION = 5.0;
				TARGETED_DEVICE_FAMILY = 1;
			};
			name = Debug;
		};
		BFBF5D16290971B2004E512D /* Release */ = {
			isa = XCBuildConfiguration;
			buildSettings = {
				ASSETCATALOG_COMPILER_APPICON_NAME = AppIcon;
				ASSETCATALOG_COMPILER_GLOBAL_ACCENT_COLOR_NAME = AccentColor;
				CODE_SIGN_STYLE = Automatic;
				CURRENT_PROJECT_VERSION = 1;
				DEVELOPMENT_ASSET_PATHS = "\"UnSplashDemo/Preview Content\"";
				DEVELOPMENT_TEAM = L27YB8M9DL;
				ENABLE_PREVIEWS = YES;
				GENERATE_INFOPLIST_FILE = YES;
				INFOPLIST_KEY_UIApplicationSceneManifest_Generation = YES;
				INFOPLIST_KEY_UIApplicationSupportsIndirectInputEvents = YES;
				INFOPLIST_KEY_UILaunchScreen_Generation = YES;
				INFOPLIST_KEY_UISupportedInterfaceOrientations = UIInterfaceOrientationPortrait;
				LD_RUNPATH_SEARCH_PATHS = (
					"$(inherited)",
					"@executable_path/Frameworks",
				);
				MARKETING_VERSION = 1.0;
				PRODUCT_BUNDLE_IDENTIFIER = com.bionicware.UnSplashDemo;
				PRODUCT_NAME = "$(TARGET_NAME)";
				SUPPORTED_PLATFORMS = "iphoneos iphonesimulator";
				SUPPORTS_MACCATALYST = NO;
				SUPPORTS_MAC_DESIGNED_FOR_IPHONE_IPAD = NO;
				SWIFT_EMIT_LOC_STRINGS = YES;
				SWIFT_VERSION = 5.0;
				TARGETED_DEVICE_FAMILY = 1;
			};
			name = Release;
		};
		BFBF5D4F290AEC68004E512D /* Debug */ = {
			isa = XCBuildConfiguration;
			buildSettings = {
				BUNDLE_LOADER = "$(TEST_HOST)";
				CODE_SIGN_STYLE = Automatic;
				CURRENT_PROJECT_VERSION = 1;
				DEVELOPMENT_TEAM = L27YB8M9DL;
				GENERATE_INFOPLIST_FILE = YES;
				IPHONEOS_DEPLOYMENT_TARGET = 16.0;
				MACOSX_DEPLOYMENT_TARGET = 12.3;
				MARKETING_VERSION = 1.0;
				PRODUCT_BUNDLE_IDENTIFIER = com.bionicware.UnSplashDemoTests;
				PRODUCT_NAME = "$(TARGET_NAME)";
				SDKROOT = auto;
				SUPPORTED_PLATFORMS = "iphoneos iphonesimulator macosx";
				SWIFT_EMIT_LOC_STRINGS = NO;
				SWIFT_VERSION = 5.0;
				TARGETED_DEVICE_FAMILY = "1,2";
				TEST_HOST = "$(BUILT_PRODUCTS_DIR)/UnSplashDemo.app/$(BUNDLE_EXECUTABLE_FOLDER_PATH)/UnSplashDemo";
			};
			name = Debug;
		};
		BFBF5D50290AEC68004E512D /* Release */ = {
			isa = XCBuildConfiguration;
			buildSettings = {
				BUNDLE_LOADER = "$(TEST_HOST)";
				CODE_SIGN_STYLE = Automatic;
				CURRENT_PROJECT_VERSION = 1;
				DEVELOPMENT_TEAM = L27YB8M9DL;
				GENERATE_INFOPLIST_FILE = YES;
				IPHONEOS_DEPLOYMENT_TARGET = 16.0;
				MACOSX_DEPLOYMENT_TARGET = 12.3;
				MARKETING_VERSION = 1.0;
				PRODUCT_BUNDLE_IDENTIFIER = com.bionicware.UnSplashDemoTests;
				PRODUCT_NAME = "$(TARGET_NAME)";
				SDKROOT = auto;
				SUPPORTED_PLATFORMS = "iphoneos iphonesimulator macosx";
				SWIFT_EMIT_LOC_STRINGS = NO;
				SWIFT_VERSION = 5.0;
				TARGETED_DEVICE_FAMILY = "1,2";
				TEST_HOST = "$(BUILT_PRODUCTS_DIR)/UnSplashDemo.app/$(BUNDLE_EXECUTABLE_FOLDER_PATH)/UnSplashDemo";
			};
			name = Release;
		};
/* End XCBuildConfiguration section */

/* Begin XCConfigurationList section */
		BFBF5D01290971AF004E512D /* Build configuration list for PBXProject "UnSplashDemo" */ = {
			isa = XCConfigurationList;
			buildConfigurations = (
				BFBF5D12290971B2004E512D /* Debug */,
				BFBF5D13290971B2004E512D /* Release */,
			);
			defaultConfigurationIsVisible = 0;
			defaultConfigurationName = Release;
		};
		BFBF5D14290971B2004E512D /* Build configuration list for PBXNativeTarget "UnSplashDemo" */ = {
			isa = XCConfigurationList;
			buildConfigurations = (
				BFBF5D15290971B2004E512D /* Debug */,
				BFBF5D16290971B2004E512D /* Release */,
			);
			defaultConfigurationIsVisible = 0;
			defaultConfigurationName = Release;
		};
		BFBF5D51290AEC68004E512D /* Build configuration list for PBXNativeTarget "UnSplashDemoTests" */ = {
			isa = XCConfigurationList;
			buildConfigurations = (
				BFBF5D4F290AEC68004E512D /* Debug */,
				BFBF5D50290AEC68004E512D /* Release */,
			);
			defaultConfigurationIsVisible = 0;
			defaultConfigurationName = Release;
		};
/* End XCConfigurationList section */

/* Begin XCRemoteSwiftPackageReference section */
		BFBF5D192909727A004E512D /* XCRemoteSwiftPackageReference "SDWebImageSwiftUI" */ = {
			isa = XCRemoteSwiftPackageReference;
			repositoryURL = "https://github.com/SDWebImage/SDWebImageSwiftUI.git";
			requirement = {
				kind = upToNextMajorVersion;
				minimumVersion = 2.0.0;
			};
		};
		BFBF5D2029097A78004E512D /* XCRemoteSwiftPackageReference "Reachability" */ = {
			isa = XCRemoteSwiftPackageReference;
			repositoryURL = "https://github.com/ashleymills/Reachability.swift";
			requirement = {
				branch = master;
				kind = branch;
			};
		};
/* End XCRemoteSwiftPackageReference section */

/* Begin XCSwiftPackageProductDependency section */
		BFBF5D1A2909727A004E512D /* SDWebImageSwiftUI */ = {
			isa = XCSwiftPackageProductDependency;
			package = BFBF5D192909727A004E512D /* XCRemoteSwiftPackageReference "SDWebImageSwiftUI" */;
			productName = SDWebImageSwiftUI;
		};
		BFBF5D2129097A78004E512D /* Reachability */ = {
			isa = XCSwiftPackageProductDependency;
			package = BFBF5D2029097A78004E512D /* XCRemoteSwiftPackageReference "Reachability" */;
			productName = Reachability;
		};
		BFBF5D57290AF47F004E512D /* SDWebImageSwiftUI */ = {
			isa = XCSwiftPackageProductDependency;
			package = BFBF5D192909727A004E512D /* XCRemoteSwiftPackageReference "SDWebImageSwiftUI" */;
			productName = SDWebImageSwiftUI;
		};
/* End XCSwiftPackageProductDependency section */
	};
	rootObject = BFBF5CFE290971AF004E512D /* Project object */;
}
